
Microsoft Visual Studio Solution File, Format Version 12.00
# Visual Studio 15
VisualStudioVersion = 15.0.28010.2048
MinimumVisualStudioVersion = 10.0.40219.1
Project("{9A19103F-16F7-4668-BE54-9A1E7A4F7556}") = "PortForwarding", "PortForwarding\PortForwarding.csproj", "{5D512FE1-0568-4DF0-9BF4-878945555161}"
EndProject
Project("{2150E333-8FDC-42A3-9474-1A3956D46DE8}") = "Src", "Src", "{17F53F9B-CC6D-4988-9C94-76016A7F7940}"
EndProject
Project("{2150E333-8FDC-42A3-9474-1A3956D46DE8}") = "Tests", "Tests", "{D2DE7061-7433-4234-A271-37BC460C5B0F}"
EndProject
Project("{2150E333-8FDC-42A3-9474-1A3956D46DE8}") = "SolutionItems", "SolutionItems", "{773082E6-13D6-4E90-91A1-6CBE6CE27680}"
EndProject
Project("{FAE04EC0-301F-11D3-BF4B-00C04F79EFBC}") = "PortForwarding.Tests", "PortForwarding.Tests\PortForwarding.Tests.csproj", "{5639FD97-905E-4326-92A5-ACF137FF2C51}"
EndProject
Global
	GlobalSection(SolutionConfigurationPlatforms) = preSolution
		Debug|Any CPU = Debug|Any CPU
		Release|Any CPU = Release|Any CPU
	EndGlobalSection
	GlobalSection(ProjectConfigurationPlatforms) = postSolution
		{5D512FE1-0568-4DF0-9BF4-878945555161}.Debug|Any CPU.ActiveCfg = Debug|Any CPU
		{5D512FE1-0568-4DF0-9BF4-878945555161}.Debug|Any CPU.Build.0 = Debug|Any CPU
		{5D512FE1-0568-4DF0-9BF4-878945555161}.Release|Any CPU.ActiveCfg = Release|Any CPU
		{5D512FE1-0568-4DF0-9BF4-878945555161}.Release|Any CPU.Build.0 = Release|Any CPU
		{5639FD97-905E-4326-92A5-ACF137FF2C51}.Debug|Any CPU.ActiveCfg = Debug|Any CPU
		{5639FD97-905E-4326-92A5-ACF137FF2C51}.Debug|Any CPU.Build.0 = Debug|Any CPU
		{5639FD97-905E-4326-92A5-ACF137FF2C51}.Release|Any CPU.ActiveCfg = Release|Any CPU
		{5639FD97-905E-4326-92A5-ACF137FF2C51}.Release|Any CPU.Build.0 = Release|Any CPU
	EndGlobalSection
	GlobalSection(SolutionProperties) = preSolution
		HideSolutionNode = FALSE
	EndGlobalSection
	GlobalSection(NestedProjects) = preSolution
		{5D512FE1-0568-4DF0-9BF4-878945555161} = {17F53F9B-CC6D-4988-9C94-76016A7F7940}
		{5639FD97-905E-4326-92A5-ACF137FF2C51} = {D2DE7061-7433-4234-A271-37BC460C5B0F}
	EndGlobalSection
	GlobalSection(ExtensibilityGlobals) = postSolution
		SolutionGuid = {1ECF6BA1-F86C-4FE2-BD9C-19C71B02D571}
	EndGlobalSection
EndGlobal
